
Microsoft Visual Studio Solution File, Format Version 12.00
# Visual Studio 14
VisualStudioVersion = 14.0.25420.1
MinimumVisualStudioVersion = 10.0.40219.1
Project("{FAE04EC0-301F-11D3-BF4B-00C04F79EFBC}") = "Biblio", "Biblio\Biblio.csproj", "{F5AB65A6-9142-4C12-ACA2-84F8AE362320}"
EndProject
Project("{FAE04EC0-301F-11D3-BF4B-00C04F79EFBC}") = "Console", "Console\Console.csproj", "{F53004F1-4A41-45E6-BA19-02B8612120F6}"
EndProject
Project("{FAE04EC0-301F-11D3-BF4B-00C04F79EFBC}") = "Test", "Test\Test.csproj", "{3A356E6A-8936-477E-8011-41E8EA0476EF}"
EndProject
Project("{FAE04EC0-301F-11D3-BF4B-00C04F79EFBC}") = "BusinessLayer", "BusinessLayer\BusinessLayer.csproj", "{9485ADD0-6321-470E-A8A3-82267CE091CC}"
	ProjectSection(ProjectDependencies) = postProject
		{F5AB65A6-9142-4C12-ACA2-84F8AE362320} = {F5AB65A6-9142-4C12-ACA2-84F8AE362320}
	EndProjectSection
EndProject
Project("{FAE04EC0-301F-11D3-BF4B-00C04F79EFBC}") = "WCF", "WCF\WCF.csproj", "{F9FE326B-116C-40A6-9B23-61A6D5F2B985}"
EndProject
Project("{FAE04EC0-301F-11D3-BF4B-00C04F79EFBC}") = "ASP", "ASP\ASP.csproj", "{2718C1FC-8CB7-4922-8427-10A2328BF84A}"
EndProject
Project("{FAE04EC0-301F-11D3-BF4B-00C04F79EFBC}") = "WPF", "WPF\WPF.csproj", "{631C7D0C-A020-4322-A4C5-B3D7465AD34E}"
EndProject
Global
	GlobalSection(SolutionConfigurationPlatforms) = preSolution
		Debug|Any CPU = Debug|Any CPU
		Debug|ARM = Debug|ARM
		Debug|x64 = Debug|x64
		Debug|x86 = Debug|x86
		Release|Any CPU = Release|Any CPU
		Release|ARM = Release|ARM
		Release|x64 = Release|x64
		Release|x86 = Release|x86
	EndGlobalSection
	GlobalSection(ProjectConfigurationPlatforms) = postSolution
		{F5AB65A6-9142-4C12-ACA2-84F8AE362320}.Debug|Any CPU.ActiveCfg = Debug|Any CPU
		{F5AB65A6-9142-4C12-ACA2-84F8AE362320}.Debug|Any CPU.Build.0 = Debug|Any CPU
		{F5AB65A6-9142-4C12-ACA2-84F8AE362320}.Debug|ARM.ActiveCfg = Debug|Any CPU
		{F5AB65A6-9142-4C12-ACA2-84F8AE362320}.Debug|ARM.Build.0 = Debug|Any CPU
		{F5AB65A6-9142-4C12-ACA2-84F8AE362320}.Debug|x64.ActiveCfg = Debug|Any CPU
		{F5AB65A6-9142-4C12-ACA2-84F8AE362320}.Debug|x64.Build.0 = Debug|Any CPU
		{F5AB65A6-9142-4C12-ACA2-84F8AE362320}.Debug|x86.ActiveCfg = Debug|Any CPU
		{F5AB65A6-9142-4C12-ACA2-84F8AE362320}.Debug|x86.Build.0 = Debug|Any CPU
		{F5AB65A6-9142-4C12-ACA2-84F8AE362320}.Release|Any CPU.ActiveCfg = Release|Any CPU
		{F5AB65A6-9142-4C12-ACA2-84F8AE362320}.Release|Any CPU.Build.0 = Release|Any CPU
		{F5AB65A6-9142-4C12-ACA2-84F8AE362320}.Release|ARM.ActiveCfg = Release|Any CPU
		{F5AB65A6-9142-4C12-ACA2-84F8AE362320}.Release|ARM.Build.0 = Release|Any CPU
		{F5AB65A6-9142-4C12-ACA2-84F8AE362320}.Release|x64.ActiveCfg = Release|Any CPU
		{F5AB65A6-9142-4C12-ACA2-84F8AE362320}.Release|x64.Build.0 = Release|Any CPU
		{F5AB65A6-9142-4C12-ACA2-84F8AE362320}.Release|x86.ActiveCfg = Release|Any CPU
		{F5AB65A6-9142-4C12-ACA2-84F8AE362320}.Release|x86.Build.0 = Release|Any CPU
		{F53004F1-4A41-45E6-BA19-02B8612120F6}.Debug|Any CPU.ActiveCfg = Debug|Any CPU
		{F53004F1-4A41-45E6-BA19-02B8612120F6}.Debug|Any CPU.Build.0 = Debug|Any CPU
		{F53004F1-4A41-45E6-BA19-02B8612120F6}.Debug|ARM.ActiveCfg = Debug|Any CPU
		{F53004F1-4A41-45E6-BA19-02B8612120F6}.Debug|ARM.Build.0 = Debug|Any CPU
		{F53004F1-4A41-45E6-BA19-02B8612120F6}.Debug|x64.ActiveCfg = Debug|Any CPU
		{F53004F1-4A41-45E6-BA19-02B8612120F6}.Debug|x64.Build.0 = Debug|Any CPU
		{F53004F1-4A41-45E6-BA19-02B8612120F6}.Debug|x86.ActiveCfg = Debug|Any CPU
		{F53004F1-4A41-45E6-BA19-02B8612120F6}.Debug|x86.Build.0 = Debug|Any CPU
		{F53004F1-4A41-45E6-BA19-02B8612120F6}.Release|Any CPU.ActiveCfg = Release|Any CPU
		{F53004F1-4A41-45E6-BA19-02B8612120F6}.Release|Any CPU.Build.0 = Release|Any CPU
		{F53004F1-4A41-45E6-BA19-02B8612120F6}.Release|ARM.ActiveCfg = Release|Any CPU
		{F53004F1-4A41-45E6-BA19-02B8612120F6}.Release|ARM.Build.0 = Release|Any CPU
		{F53004F1-4A41-45E6-BA19-02B8612120F6}.Release|x64.ActiveCfg = Release|Any CPU
		{F53004F1-4A41-45E6-BA19-02B8612120F6}.Release|x64.Build.0 = Release|Any CPU
		{F53004F1-4A41-45E6-BA19-02B8612120F6}.Release|x86.ActiveCfg = Release|Any CPU
		{F53004F1-4A41-45E6-BA19-02B8612120F6}.Release|x86.Build.0 = Release|Any CPU
		{3A356E6A-8936-477E-8011-41E8EA0476EF}.Debug|Any CPU.ActiveCfg = Debug|Any CPU
		{3A356E6A-8936-477E-8011-41E8EA0476EF}.Debug|Any CPU.Build.0 = Debug|Any CPU
		{3A356E6A-8936-477E-8011-41E8EA0476EF}.Debug|ARM.ActiveCfg = Debug|Any CPU
		{3A356E6A-8936-477E-8011-41E8EA0476EF}.Debug|ARM.Build.0 = Debug|Any CPU
		{3A356E6A-8936-477E-8011-41E8EA0476EF}.Debug|x64.ActiveCfg = Debug|Any CPU
		{3A356E6A-8936-477E-8011-41E8EA0476EF}.Debug|x64.Build.0 = Debug|Any CPU
		{3A356E6A-8936-477E-8011-41E8EA0476EF}.Debug|x86.ActiveCfg = Debug|Any CPU
		{3A356E6A-8936-477E-8011-41E8EA0476EF}.Debug|x86.Build.0 = Debug|Any CPU
		{3A356E6A-8936-477E-8011-41E8EA0476EF}.Release|Any CPU.ActiveCfg = Release|Any CPU
		{3A356E6A-8936-477E-8011-41E8EA0476EF}.Release|Any CPU.Build.0 = Release|Any CPU
		{3A356E6A-8936-477E-8011-41E8EA0476EF}.Release|ARM.ActiveCfg = Release|Any CPU
		{3A356E6A-8936-477E-8011-41E8EA0476EF}.Release|ARM.Build.0 = Release|Any CPU
		{3A356E6A-8936-477E-8011-41E8EA0476EF}.Release|x64.ActiveCfg = Release|Any CPU
		{3A356E6A-8936-477E-8011-41E8EA0476EF}.Release|x64.Build.0 = Release|Any CPU
		{3A356E6A-8936-477E-8011-41E8EA0476EF}.Release|x86.ActiveCfg = Release|Any CPU
		{3A356E6A-8936-477E-8011-41E8EA0476EF}.Release|x86.Build.0 = Release|Any CPU
		{9485ADD0-6321-470E-A8A3-82267CE091CC}.Debug|Any CPU.ActiveCfg = Debug|Any CPU
		{9485ADD0-6321-470E-A8A3-82267CE091CC}.Debug|Any CPU.Build.0 = Debug|Any CPU
		{9485ADD0-6321-470E-A8A3-82267CE091CC}.Debug|ARM.ActiveCfg = Debug|Any CPU
		{9485ADD0-6321-470E-A8A3-82267CE091CC}.Debug|ARM.Build.0 = Debug|Any CPU
		{9485ADD0-6321-470E-A8A3-82267CE091CC}.Debug|x64.ActiveCfg = Debug|Any CPU
		{9485ADD0-6321-470E-A8A3-82267CE091CC}.Debug|x64.Build.0 = Debug|Any CPU
		{9485ADD0-6321-470E-A8A3-82267CE091CC}.Debug|x86.ActiveCfg = Debug|Any CPU
		{9485ADD0-6321-470E-A8A3-82267CE091CC}.Debug|x86.Build.0 = Debug|Any CPU
		{9485ADD0-6321-470E-A8A3-82267CE091CC}.Release|Any CPU.ActiveCfg = Release|Any CPU
		{9485ADD0-6321-470E-A8A3-82267CE091CC}.Release|Any CPU.Build.0 = Release|Any CPU
		{9485ADD0-6321-470E-A8A3-82267CE091CC}.Release|ARM.ActiveCfg = Release|Any CPU
		{9485ADD0-6321-470E-A8A3-82267CE091CC}.Release|ARM.Build.0 = Release|Any CPU
		{9485ADD0-6321-470E-A8A3-82267CE091CC}.Release|x64.ActiveCfg = Release|Any CPU
		{9485ADD0-6321-470E-A8A3-82267CE091CC}.Release|x64.Build.0 = Release|Any CPU
		{9485ADD0-6321-470E-A8A3-82267CE091CC}.Release|x86.ActiveCfg = Release|Any CPU
		{9485ADD0-6321-470E-A8A3-82267CE091CC}.Release|x86.Build.0 = Release|Any CPU
		{F9FE326B-116C-40A6-9B23-61A6D5F2B985}.Debug|Any CPU.ActiveCfg = Debug|Any CPU
		{F9FE326B-116C-40A6-9B23-61A6D5F2B985}.Debug|Any CPU.Build.0 = Debug|Any CPU
		{F9FE326B-116C-40A6-9B23-61A6D5F2B985}.Debug|ARM.ActiveCfg = Debug|Any CPU
		{F9FE326B-116C-40A6-9B23-61A6D5F2B985}.Debug|ARM.Build.0 = Debug|Any CPU
		{F9FE326B-116C-40A6-9B23-61A6D5F2B985}.Debug|x64.ActiveCfg = Debug|Any CPU
		{F9FE326B-116C-40A6-9B23-61A6D5F2B985}.Debug|x64.Build.0 = Debug|Any CPU
		{F9FE326B-116C-40A6-9B23-61A6D5F2B985}.Debug|x86.ActiveCfg = Debug|Any CPU
		{F9FE326B-116C-40A6-9B23-61A6D5F2B985}.Debug|x86.Build.0 = Debug|Any CPU
		{F9FE326B-116C-40A6-9B23-61A6D5F2B985}.Release|Any CPU.ActiveCfg = Release|Any CPU
		{F9FE326B-116C-40A6-9B23-61A6D5F2B985}.Release|Any CPU.Build.0 = Release|Any CPU
		{F9FE326B-116C-40A6-9B23-61A6D5F2B985}.Release|ARM.ActiveCfg = Release|Any CPU
		{F9FE326B-116C-40A6-9B23-61A6D5F2B985}.Release|ARM.Build.0 = Release|Any CPU
		{F9FE326B-116C-40A6-9B23-61A6D5F2B985}.Release|x64.ActiveCfg = Release|Any CPU
		{F9FE326B-116C-40A6-9B23-61A6D5F2B985}.Release|x64.Build.0 = Release|Any CPU
		{F9FE326B-116C-40A6-9B23-61A6D5F2B985}.Release|x86.ActiveCfg = Release|Any CPU
		{F9FE326B-116C-40A6-9B23-61A6D5F2B985}.Release|x86.Build.0 = Release|Any CPU
		{2718C1FC-8CB7-4922-8427-10A2328BF84A}.Debug|Any CPU.ActiveCfg = Debug|Any CPU
		{2718C1FC-8CB7-4922-8427-10A2328BF84A}.Debug|Any CPU.Build.0 = Debug|Any CPU
		{2718C1FC-8CB7-4922-8427-10A2328BF84A}.Debug|ARM.ActiveCfg = Debug|Any CPU
		{2718C1FC-8CB7-4922-8427-10A2328BF84A}.Debug|ARM.Build.0 = Debug|Any CPU
		{2718C1FC-8CB7-4922-8427-10A2328BF84A}.Debug|x64.ActiveCfg = Debug|Any CPU
		{2718C1FC-8CB7-4922-8427-10A2328BF84A}.Debug|x64.Build.0 = Debug|Any CPU
		{2718C1FC-8CB7-4922-8427-10A2328BF84A}.Debug|x86.ActiveCfg = Debug|Any CPU
		{2718C1FC-8CB7-4922-8427-10A2328BF84A}.Debug|x86.Build.0 = Debug|Any CPU
		{2718C1FC-8CB7-4922-8427-10A2328BF84A}.Release|Any CPU.ActiveCfg = Release|Any CPU
		{2718C1FC-8CB7-4922-8427-10A2328BF84A}.Release|Any CPU.Build.0 = Release|Any CPU
		{2718C1FC-8CB7-4922-8427-10A2328BF84A}.Release|ARM.ActiveCfg = Release|Any CPU
		{2718C1FC-8CB7-4922-8427-10A2328BF84A}.Release|ARM.Build.0 = Release|Any CPU
		{2718C1FC-8CB7-4922-8427-10A2328BF84A}.Release|x64.ActiveCfg = Release|Any CPU
		{2718C1FC-8CB7-4922-8427-10A2328BF84A}.Release|x64.Build.0 = Release|Any CPU
		{2718C1FC-8CB7-4922-8427-10A2328BF84A}.Release|x86.ActiveCfg = Release|Any CPU
		{2718C1FC-8CB7-4922-8427-10A2328BF84A}.Release|x86.Build.0 = Release|Any CPU
		{631C7D0C-A020-4322-A4C5-B3D7465AD34E}.Debug|Any CPU.ActiveCfg = Debug|Any CPU
		{631C7D0C-A020-4322-A4C5-B3D7465AD34E}.Debug|Any CPU.Build.0 = Debug|Any CPU
		{631C7D0C-A020-4322-A4C5-B3D7465AD34E}.Debug|ARM.ActiveCfg = Debug|Any CPU
		{631C7D0C-A020-4322-A4C5-B3D7465AD34E}.Debug|ARM.Build.0 = Debug|Any CPU
		{631C7D0C-A020-4322-A4C5-B3D7465AD34E}.Debug|x64.ActiveCfg = Debug|Any CPU
		{631C7D0C-A020-4322-A4C5-B3D7465AD34E}.Debug|x64.Build.0 = Debug|Any CPU
		{631C7D0C-A020-4322-A4C5-B3D7465AD34E}.Debug|x86.ActiveCfg = Debug|Any CPU
		{631C7D0C-A020-4322-A4C5-B3D7465AD34E}.Debug|x86.Build.0 = Debug|Any CPU
		{631C7D0C-A020-4322-A4C5-B3D7465AD34E}.Release|Any CPU.ActiveCfg = Release|Any CPU
		{631C7D0C-A020-4322-A4C5-B3D7465AD34E}.Release|Any CPU.Build.0 = Release|Any CPU
		{631C7D0C-A020-4322-A4C5-B3D7465AD34E}.Release|ARM.ActiveCfg = Release|Any CPU
		{631C7D0C-A020-4322-A4C5-B3D7465AD34E}.Release|ARM.Build.0 = Release|Any CPU
		{631C7D0C-A020-4322-A4C5-B3D7465AD34E}.Release|x64.ActiveCfg = Release|Any CPU
		{631C7D0C-A020-4322-A4C5-B3D7465AD34E}.Release|x64.Build.0 = Release|Any CPU
		{631C7D0C-A020-4322-A4C5-B3D7465AD34E}.Release|x86.ActiveCfg = Release|Any CPU
		{631C7D0C-A020-4322-A4C5-B3D7465AD34E}.Release|x86.Build.0 = Release|Any CPU
	EndGlobalSection
	GlobalSection(SolutionProperties) = preSolution
		HideSolutionNode = FALSE
	EndGlobalSection
EndGlobal
